
Microsoft Visual Studio Solution File, Format Version 12.00
# Visual Studio Version 17
VisualStudioVersion = 17.14.36221.1 d17.14
MinimumVisualStudioVersion = 10.0.40219.1
Project("{FAE04EC0-301F-11D3-BF4B-00C04F79EFBC}") = "calendar noel", "calendar noel\calendar noel.csproj", "{A6328FD6-8E09-467E-979E-EEC41A4B4A8C}"
EndProject
Global
	GlobalSection(SolutionConfigurationPlatforms) = preSolution
		Debug|Any CPU = Debug|Any CPU
		Release|Any CPU = Release|Any CPU
	EndGlobalSection
	GlobalSection(ProjectConfigurationPlatforms) = postSolution
		{A6328FD6-8E09-467E-979E-EEC41A4B4A8C}.Debug|Any CPU.ActiveCfg = Debug|Any CPU
		{A6328FD6-8E09-467E-979E-EEC41A4B4A8C}.Debug|Any CPU.Build.0 = Debug|Any CPU
		{A6328FD6-8E09-467E-979E-EEC41A4B4A8C}.Release|Any CPU.ActiveCfg = Release|Any CPU
		{A6328FD6-8E09-467E-979E-EEC41A4B4A8C}.Release|Any CPU.Build.0 = Release|Any CPU
	EndGlobalSection
	GlobalSection(SolutionProperties) = preSolution
		HideSolutionNode = FALSE
	EndGlobalSection
	GlobalSection(ExtensibilityGlobals) = postSolution
		SolutionGuid = {0068CD31-1044-4A11-92A8-B7F439207FC6}
	EndGlobalSection
EndGlobal
